// !$*UTF8*$!
{
	archiveVersion = 1;
	classes = {
	};
	objectVersion = 56;
	objects = {

/* Begin PBXBuildFile section */
		56FE1DB0299544D6003A8A26 /* Cast_ItApp.swift in Sources */ = {isa = PBXBuildFile; fileRef = 56FE1DAF299544D6003A8A26 /* Cast_ItApp.swift */; };
		56FE1DB2299544D6003A8A26 /* ContentView.swift in Sources */ = {isa = PBXBuildFile; fileRef = 56FE1DB1299544D6003A8A26 /* ContentView.swift */; };
		56FE1DB4299544D8003A8A26 /* Assets.xcassets in Resources */ = {isa = PBXBuildFile; fileRef = 56FE1DB3299544D8003A8A26 /* Assets.xcassets */; };
		56FE1DB7299544D8003A8A26 /* Preview Assets.xcassets in Resources */ = {isa = PBXBuildFile; fileRef = 56FE1DB6299544D8003A8A26 /* Preview Assets.xcassets */; };
		56FE1DB9299544D8003A8A26 /* Persistence.swift in Sources */ = {isa = PBXBuildFile; fileRef = 56FE1DB8299544D8003A8A26 /* Persistence.swift */; };
		56FE1DBC299544D8003A8A26 /* Cast_It.xcdatamodeld in Sources */ = {isa = PBXBuildFile; fileRef = 56FE1DBA299544D8003A8A26 /* Cast_It.xcdatamodeld */; };
		56FE1DC7299544D8003A8A26 /* Cast_ItTests.swift in Sources */ = {isa = PBXBuildFile; fileRef = 56FE1DC6299544D8003A8A26 /* Cast_ItTests.swift */; };
		56FE1DD1299544D8003A8A26 /* Cast_ItUITests.swift in Sources */ = {isa = PBXBuildFile; fileRef = 56FE1DD0299544D8003A8A26 /* Cast_ItUITests.swift */; };
		56FE1DD3299544D8003A8A26 /* Cast_ItUITestsLaunchTests.swift in Sources */ = {isa = PBXBuildFile; fileRef = 56FE1DD2299544D8003A8A26 /* Cast_ItUITestsLaunchTests.swift */; };
/* End PBXBuildFile section */

/* Begin PBXContainerItemProxy section */
		56FE1DC3299544D8003A8A26 /* PBXContainerItemProxy */ = {
			isa = PBXContainerItemProxy;
			containerPortal = 56FE1DA4299544D6003A8A26 /* Project object */;
			proxyType = 1;
			remoteGlobalIDString = 56FE1DAB299544D6003A8A26;
			remoteInfo = "Cast-It";
		};
		56FE1DCD299544D8003A8A26 /* PBXContainerItemProxy */ = {
			isa = PBXContainerItemProxy;
			containerPortal = 56FE1DA4299544D6003A8A26 /* Project object */;
			proxyType = 1;
			remoteGlobalIDString = 56FE1DAB299544D6003A8A26;
			remoteInfo = "Cast-It";
		};
/* End PBXContainerItemProxy section */

/* Begin PBXFileReference section */
		56FE1DAC299544D6003A8A26 /* Cast-It.app */ = {isa = PBXFileReference; explicitFileType = wrapper.application; includeInIndex = 0; path = "Cast-It.app"; sourceTree = BUILT_PRODUCTS_DIR; };
		56FE1DAF299544D6003A8A26 /* Cast_ItApp.swift */ = {isa = PBXFileReference; lastKnownFileType = sourcecode.swift; path = Cast_ItApp.swift; sourceTree = "<group>"; };
		56FE1DB1299544D6003A8A26 /* ContentView.swift */ = {isa = PBXFileReference; lastKnownFileType = sourcecode.swift; path = ContentView.swift; sourceTree = "<group>"; };
		56FE1DB3299544D8003A8A26 /* Assets.xcassets */ = {isa = PBXFileReference; lastKnownFileType = folder.assetcatalog; path = Assets.xcassets; sourceTree = "<group>"; };
		56FE1DB6299544D8003A8A26 /* Preview Assets.xcassets */ = {isa = PBXFileReference; lastKnownFileType = folder.assetcatalog; path = "Preview Assets.xcassets"; sourceTree = "<group>"; };
		56FE1DB8299544D8003A8A26 /* Persistence.swift */ = {isa = PBXFileReference; lastKnownFileType = sourcecode.swift; path = Persistence.swift; sourceTree = "<group>"; };
		56FE1DBB299544D8003A8A26 /* Cast_It.xcdatamodel */ = {isa = PBXFileReference; lastKnownFileType = wrapper.xcdatamodel; path = Cast_It.xcdatamodel; sourceTree = "<group>"; };
		56FE1DBD299544D8003A8A26 /* Info.plist */ = {isa = PBXFileReference; lastKnownFileType = text.plist.xml; path = Info.plist; sourceTree = "<group>"; };
		56FE1DC2299544D8003A8A26 /* Cast-ItTests.xctest */ = {isa = PBXFileReference; explicitFileType = wrapper.cfbundle; includeInIndex = 0; path = "Cast-ItTests.xctest"; sourceTree = BUILT_PRODUCTS_DIR; };
		56FE1DC6299544D8003A8A26 /* Cast_ItTests.swift */ = {isa = PBXFileReference; lastKnownFileType = sourcecode.swift; path = Cast_ItTests.swift; sourceTree = "<group>"; };
		56FE1DCC299544D8003A8A26 /* Cast-ItUITests.xctest */ = {isa = PBXFileReference; explicitFileType = wrapper.cfbundle; includeInIndex = 0; path = "Cast-ItUITests.xctest"; sourceTree = BUILT_PRODUCTS_DIR; };
		56FE1DD0299544D8003A8A26 /* Cast_ItUITests.swift */ = {isa = PBXFileReference; lastKnownFileType = sourcecode.swift; path = Cast_ItUITests.swift; sourceTree = "<group>"; };
		56FE1DD2299544D8003A8A26 /* Cast_ItUITestsLaunchTests.swift */ = {isa = PBXFileReference; lastKnownFileType = sourcecode.swift; path = Cast_ItUITestsLaunchTests.swift; sourceTree = "<group>"; };
/* End PBXFileReference section */

/* Begin PBXFrameworksBuildPhase section */
		56FE1DA9299544D6003A8A26 /* Frameworks */ = {
			isa = PBXFrameworksBuildPhase;
			buildActionMask = 2147483647;
			files = (
			);
			runOnlyForDeploymentPostprocessing = 0;
		};
		56FE1DBF299544D8003A8A26 /* Frameworks */ = {
			isa = PBXFrameworksBuildPhase;
			buildActionMask = 2147483647;
			files = (
			);
			runOnlyForDeploymentPostprocessing = 0;
		};
		56FE1DC9299544D8003A8A26 /* Frameworks */ = {
			isa = PBXFrameworksBuildPhase;
			buildActionMask = 2147483647;
			files = (
			);
			runOnlyForDeploymentPostprocessing = 0;
		};
/* End PBXFrameworksBuildPhase section */

/* Begin PBXGroup section */
		56FE1DA3299544D6003A8A26 = {
			isa = PBXGroup;
			children = (
				56FE1DAE299544D6003A8A26 /* Cast-It */,
				56FE1DC5299544D8003A8A26 /* Cast-ItTests */,
				56FE1DCF299544D8003A8A26 /* Cast-ItUITests */,
				56FE1DAD299544D6003A8A26 /* Products */,
			);
			sourceTree = "<group>";
		};
		56FE1DAD299544D6003A8A26 /* Products */ = {
			isa = PBXGroup;
			children = (
				56FE1DAC299544D6003A8A26 /* Cast-It.app */,
				56FE1DC2299544D8003A8A26 /* Cast-ItTests.xctest */,
				56FE1DCC299544D8003A8A26 /* Cast-ItUITests.xctest */,
			);
			name = Products;
			sourceTree = "<group>";
		};
		56FE1DAE299544D6003A8A26 /* Cast-It */ = {
			isa = PBXGroup;
			children = (
				56FE1DAF299544D6003A8A26 /* Cast_ItApp.swift */,
				56FE1DB1299544D6003A8A26 /* ContentView.swift */,
				56FE1DB3299544D8003A8A26 /* Assets.xcassets */,
				56FE1DB8299544D8003A8A26 /* Persistence.swift */,
				56FE1DBD299544D8003A8A26 /* Info.plist */,
				56FE1DBA299544D8003A8A26 /* Cast_It.xcdatamodeld */,
				56FE1DB5299544D8003A8A26 /* Preview Content */,
			);
			path = "Cast-It";
			sourceTree = "<group>";
		};
		56FE1DB5299544D8003A8A26 /* Preview Content */ = {
			isa = PBXGroup;
			children = (
				56FE1DB6299544D8003A8A26 /* Preview Assets.xcassets */,
			);
			path = "Preview Content";
			sourceTree = "<group>";
		};
		56FE1DC5299544D8003A8A26 /* Cast-ItTests */ = {
			isa = PBXGroup;
			children = (
				56FE1DC6299544D8003A8A26 /* Cast_ItTests.swift */,
			);
			path = "Cast-ItTests";
			sourceTree = "<group>";
		};
		56FE1DCF299544D8003A8A26 /* Cast-ItUITests */ = {
			isa = PBXGroup;
			children = (
				56FE1DD0299544D8003A8A26 /* Cast_ItUITests.swift */,
				56FE1DD2299544D8003A8A26 /* Cast_ItUITestsLaunchTests.swift */,
			);
			path = "Cast-ItUITests";
			sourceTree = "<group>";
		};
/* End PBXGroup section */

/* Begin PBXNativeTarget section */
		56FE1DAB299544D6003A8A26 /* Cast-It */ = {
			isa = PBXNativeTarget;
			buildConfigurationList = 56FE1DD6299544D8003A8A26 /* Build configuration list for PBXNativeTarget "Cast-It" */;
			buildPhases = (
				56FE1DA8299544D6003A8A26 /* Sources */,
				56FE1DA9299544D6003A8A26 /* Frameworks */,
				56FE1DAA299544D6003A8A26 /* Resources */,
			);
			buildRules = (
			);
			dependencies = (
			);
			name = "Cast-It";
			productName = "Cast-It";
			productReference = 56FE1DAC299544D6003A8A26 /* Cast-It.app */;
			productType = "com.apple.product-type.application";
		};
		56FE1DC1299544D8003A8A26 /* Cast-ItTests */ = {
			isa = PBXNativeTarget;
			buildConfigurationList = 56FE1DD9299544D8003A8A26 /* Build configuration list for PBXNativeTarget "Cast-ItTests" */;
			buildPhases = (
				56FE1DBE299544D8003A8A26 /* Sources */,
				56FE1DBF299544D8003A8A26 /* Frameworks */,
				56FE1DC0299544D8003A8A26 /* Resources */,
			);
			buildRules = (
			);
			dependencies = (
				56FE1DC4299544D8003A8A26 /* PBXTargetDependency */,
			);
			name = "Cast-ItTests";
			productName = "Cast-ItTests";
			productReference = 56FE1DC2299544D8003A8A26 /* Cast-ItTests.xctest */;
			productType = "com.apple.product-type.bundle.unit-test";
		};
		56FE1DCB299544D8003A8A26 /* Cast-ItUITests */ = {
			isa = PBXNativeTarget;
			buildConfigurationList = 56FE1DDC299544D8003A8A26 /* Build configuration list for PBXNativeTarget "Cast-ItUITests" */;
			buildPhases = (
				56FE1DC8299544D8003A8A26 /* Sources */,
				56FE1DC9299544D8003A8A26 /* Frameworks */,
				56FE1DCA299544D8003A8A26 /* Resources */,
			);
			buildRules = (
			);
			dependencies = (
				56FE1DCE299544D8003A8A26 /* PBXTargetDependency */,
			);
			name = "Cast-ItUITests";
			productName = "Cast-ItUITests";
			productReference = 56FE1DCC299544D8003A8A26 /* Cast-ItUITests.xctest */;
			productType = "com.apple.product-type.bundle.ui-testing";
		};
/* End PBXNativeTarget section */

/* Begin PBXProject section */
		56FE1DA4299544D6003A8A26 /* Project object */ = {
			isa = PBXProject;
			attributes = {
				BuildIndependentTargetsInParallel = 1;
				LastSwiftUpdateCheck = 1420;
				LastUpgradeCheck = 1420;
				TargetAttributes = {
					56FE1DAB299544D6003A8A26 = {
						CreatedOnToolsVersion = 14.2;
					};
					56FE1DC1299544D8003A8A26 = {
						CreatedOnToolsVersion = 14.2;
						TestTargetID = 56FE1DAB299544D6003A8A26;
					};
					56FE1DCB299544D8003A8A26 = {
						CreatedOnToolsVersion = 14.2;
						TestTargetID = 56FE1DAB299544D6003A8A26;
					};
				};
			};
			buildConfigurationList = 56FE1DA7299544D6003A8A26 /* Build configuration list for PBXProject "Cast-It" */;
			compatibilityVersion = "Xcode 14.0";
			developmentRegion = en;
			hasScannedForEncodings = 0;
			knownRegions = (
				en,
				Base,
			);
			mainGroup = 56FE1DA3299544D6003A8A26;
			productRefGroup = 56FE1DAD299544D6003A8A26 /* Products */;
			projectDirPath = "";
			projectRoot = "";
			targets = (
				56FE1DAB299544D6003A8A26 /* Cast-It */,
				56FE1DC1299544D8003A8A26 /* Cast-ItTests */,
				56FE1DCB299544D8003A8A26 /* Cast-ItUITests */,
			);
		};
/* End PBXProject section */

/* Begin PBXResourcesBuildPhase section */
		56FE1DAA299544D6003A8A26 /* Resources */ = {
			isa = PBXResourcesBuildPhase;
			buildActionMask = 2147483647;
			files = (
				56FE1DB7299544D8003A8A26 /* Preview Assets.xcassets in Resources */,
				56FE1DB4299544D8003A8A26 /* Assets.xcassets in Resources */,
			);
			runOnlyForDeploymentPostprocessing = 0;
		};
		56FE1DC0299544D8003A8A26 /* Resources */ = {
			isa = PBXResourcesBuildPhase;
			buildActionMask = 2147483647;
			files = (
			);
			runOnlyForDeploymentPostprocessing = 0;
		};
		56FE1DCA299544D8003A8A26 /* Resources */ = {
			isa = PBXResourcesBuildPhase;
			buildActionMask = 2147483647;
			files = (
			);
			runOnlyForDeploymentPostprocessing = 0;
		};
/* End PBXResourcesBuildPhase section */

/* Begin PBXSourcesBuildPhase section */
		56FE1DA8299544D6003A8A26 /* Sources */ = {
			isa = PBXSourcesBuildPhase;
			buildActionMask = 2147483647;
			files = (
				56FE1DB9299544D8003A8A26 /* Persistence.swift in Sources */,
				56FE1DB2299544D6003A8A26 /* ContentView.swift in Sources */,
				56FE1DB0299544D6003A8A26 /* Cast_ItApp.swift in Sources */,
				56FE1DBC299544D8003A8A26 /* Cast_It.xcdatamodeld in Sources */,
			);
			runOnlyForDeploymentPostprocessing = 0;
		};
		56FE1DBE299544D8003A8A26 /* Sources */ = {
			isa = PBXSourcesBuildPhase;
			buildActionMask = 2147483647;
			files = (
				56FE1DC7299544D8003A8A26 /* Cast_ItTests.swift in Sources */,
			);
			runOnlyForDeploymentPostprocessing = 0;
		};
		56FE1DC8299544D8003A8A26 /* Sources */ = {
			isa = PBXSourcesBuildPhase;
			buildActionMask = 2147483647;
			files = (
				56FE1DD3299544D8003A8A26 /* Cast_ItUITestsLaunchTests.swift in Sources */,
				56FE1DD1299544D8003A8A26 /* Cast_ItUITests.swift in Sources */,
			);
			runOnlyForDeploymentPostprocessing = 0;
		};
/* End PBXSourcesBuildPhase section */

/* Begin PBXTargetDependency section */
		56FE1DC4299544D8003A8A26 /* PBXTargetDependency */ = {
			isa = PBXTargetDependency;
			target = 56FE1DAB299544D6003A8A26 /* Cast-It */;
			targetProxy = 56FE1DC3299544D8003A8A26 /* PBXContainerItemProxy */;
		};
		56FE1DCE299544D8003A8A26 /* PBXTargetDependency */ = {
			isa = PBXTargetDependency;
			target = 56FE1DAB299544D6003A8A26 /* Cast-It */;
			targetProxy = 56FE1DCD299544D8003A8A26 /* PBXContainerItemProxy */;
		};
/* End PBXTargetDependency section */

/* Begin XCBuildConfiguration section */
		56FE1DD4299544D8003A8A26 /* Debug */ = {
			isa = XCBuildConfiguration;
			buildSettings = {
				ALWAYS_SEARCH_USER_PATHS = NO;
				CLANG_ANALYZER_NONNULL = YES;
				CLANG_ANALYZER_NUMBER_OBJECT_CONVERSION = YES_AGGRESSIVE;
				CLANG_CXX_LANGUAGE_STANDARD = "gnu++20";
				CLANG_ENABLE_MODULES = YES;
				CLANG_ENABLE_OBJC_ARC = YES;
				CLANG_ENABLE_OBJC_WEAK = YES;
				CLANG_WARN_BLOCK_CAPTURE_AUTORELEASING = YES;
				CLANG_WARN_BOOL_CONVERSION = YES;
				CLANG_WARN_COMMA = YES;
				CLANG_WARN_CONSTANT_CONVERSION = YES;
				CLANG_WARN_DEPRECATED_OBJC_IMPLEMENTATIONS = YES;
				CLANG_WARN_DIRECT_OBJC_ISA_USAGE = YES_ERROR;
				CLANG_WARN_DOCUMENTATION_COMMENTS = YES;
				CLANG_WARN_EMPTY_BODY = YES;
				CLANG_WARN_ENUM_CONVERSION = YES;
				CLANG_WARN_INFINITE_RECURSION = YES;
				CLANG_WARN_INT_CONVERSION = YES;
				CLANG_WARN_NON_LITERAL_NULL_CONVERSION = YES;
				CLANG_WARN_OBJC_IMPLICIT_RETAIN_SELF = YES;
				CLANG_WARN_OBJC_LITERAL_CONVERSION = YES;
				CLANG_WARN_OBJC_ROOT_CLASS = YES_ERROR;
				CLANG_WARN_QUOTED_INCLUDE_IN_FRAMEWORK_HEADER = YES;
				CLANG_WARN_RANGE_LOOP_ANALYSIS = YES;
				CLANG_WARN_STRICT_PROTOTYPES = YES;
				CLANG_WARN_SUSPICIOUS_MOVE = YES;
				CLANG_WARN_UNGUARDED_AVAILABILITY = YES_AGGRESSIVE;
				CLANG_WARN_UNREACHABLE_CODE = YES;
				CLANG_WARN__DUPLICATE_METHOD_MATCH = YES;
				COPY_PHASE_STRIP = NO;
				DEBUG_INFORMATION_FORMAT = dwarf;
				ENABLE_STRICT_OBJC_MSGSEND = YES;
				ENABLE_TESTABILITY = YES;
				GCC_C_LANGUAGE_STANDARD = gnu11;
				GCC_DYNAMIC_NO_PIC = NO;
				GCC_NO_COMMON_BLOCKS = YES;
				GCC_OPTIMIZATION_LEVEL = 0;
				GCC_PREPROCESSOR_DEFINITIONS = (
					"DEBUG=1",
					"$(inherited)",
				);
				GCC_WARN_64_TO_32_BIT_CONVERSION = YES;
				GCC_WARN_ABOUT_RETURN_TYPE = YES_ERROR;
				GCC_WARN_UNDECLARED_SELECTOR = YES;
				GCC_WARN_UNINITIALIZED_AUTOS = YES_AGGRESSIVE;
				GCC_WARN_UNUSED_FUNCTION = YES;
				GCC_WARN_UNUSED_VARIABLE = YES;
				IPHONEOS_DEPLOYMENT_TARGET = 16.2;
				MTL_ENABLE_DEBUG_INFO = INCLUDE_SOURCE;
				MTL_FAST_MATH = YES;
				ONLY_ACTIVE_ARCH = YES;
				SDKROOT = iphoneos;
				SWIFT_ACTIVE_COMPILATION_CONDITIONS = DEBUG;
				SWIFT_OPTIMIZATION_LEVEL = "-Onone";
			};
			name = Debug;
		};
		56FE1DD5299544D8003A8A26 /* Release */ = {
			isa = XCBuildConfiguration;
			buildSettings = {
				ALWAYS_SEARCH_USER_PATHS = NO;
				CLANG_ANALYZER_NONNULL = YES;
				CLANG_ANALYZER_NUMBER_OBJECT_CONVERSION = YES_AGGRESSIVE;
				CLANG_CXX_LANGUAGE_STANDARD = "gnu++20";
				CLANG_ENABLE_MODULES = YES;
				CLANG_ENABLE_OBJC_ARC = YES;
				CLANG_ENABLE_OBJC_WEAK = YES;
				CLANG_WARN_BLOCK_CAPTURE_AUTORELEASING = YES;
				CLANG_WARN_BOOL_CONVERSION = YES;
				CLANG_WARN_COMMA = YES;
				CLANG_WARN_CONSTANT_CONVERSION = YES;
				CLANG_WARN_DEPRECATED_OBJC_IMPLEMENTATIONS = YES;
				CLANG_WARN_DIRECT_OBJC_ISA_USAGE = YES_ERROR;
				CLANG_WARN_DOCUMENTATION_COMMENTS = YES;
				CLANG_WARN_EMPTY_BODY = YES;
				CLANG_WARN_ENUM_CONVERSION = YES;
				CLANG_WARN_INFINITE_RECURSION = YES;
				CLANG_WARN_INT_CONVERSION = YES;
				CLANG_WARN_NON_LITERAL_NULL_CONVERSION = YES;
				CLANG_WARN_OBJC_IMPLICIT_RETAIN_SELF = YES;
				CLANG_WARN_OBJC_LITERAL_CONVERSION = YES;
				CLANG_WARN_OBJC_ROOT_CLASS = YES_ERROR;
				CLANG_WARN_QUOTED_INCLUDE_IN_FRAMEWORK_HEADER = YES;
				CLANG_WARN_RANGE_LOOP_ANALYSIS = YES;
				CLANG_WARN_STRICT_PROTOTYPES = YES;
				CLANG_WARN_SUSPICIOUS_MOVE = YES;
				CLANG_WARN_UNGUARDED_AVAILABILITY = YES_AGGRESSIVE;
				CLANG_WARN_UNREACHABLE_CODE = YES;
				CLANG_WARN__DUPLICATE_METHOD_MATCH = YES;
				COPY_PHASE_STRIP = NO;
				DEBUG_INFORMATION_FORMAT = "dwarf-with-dsym";
				ENABLE_NS_ASSERTIONS = NO;
				ENABLE_STRICT_OBJC_MSGSEND = YES;
				GCC_C_LANGUAGE_STANDARD = gnu11;
				GCC_NO_COMMON_BLOCKS = YES;
				GCC_WARN_64_TO_32_BIT_CONVERSION = YES;
				GCC_WARN_ABOUT_RETURN_TYPE = YES_ERROR;
				GCC_WARN_UNDECLARED_SELECTOR = YES;
				GCC_WARN_UNINITIALIZED_AUTOS = YES_AGGRESSIVE;
				GCC_WARN_UNUSED_FUNCTION = YES;
				GCC_WARN_UNUSED_VARIABLE = YES;
				IPHONEOS_DEPLOYMENT_TARGET = 16.2;
				MTL_ENABLE_DEBUG_INFO = NO;
				MTL_FAST_MATH = YES;
				SDKROOT = iphoneos;
				SWIFT_COMPILATION_MODE = wholemodule;
				SWIFT_OPTIMIZATION_LEVEL = "-O";
				VALIDATE_PRODUCT = YES;
			};
			name = Release;
		};
		56FE1DD7299544D8003A8A26 /* Debug */ = {
			isa = XCBuildConfiguration;
			buildSettings = {
				ASSETCATALOG_COMPILER_APPICON_NAME = AppIcon;
				ASSETCATALOG_COMPILER_GLOBAL_ACCENT_COLOR_NAME = AccentColor;
				CODE_SIGN_STYLE = Automatic;
				CURRENT_PROJECT_VERSION = 1;
				DEVELOPMENT_ASSET_PATHS = "\"Cast-It/Preview Content\"";
				ENABLE_PREVIEWS = YES;
				GENERATE_INFOPLIST_FILE = YES;
				INFOPLIST_KEY_UIApplicationSceneManifest_Generation = YES;
				INFOPLIST_KEY_UIApplicationSupportsIndirectInputEvents = YES;
				INFOPLIST_KEY_UILaunchScreen_Generation = YES;
				INFOPLIST_KEY_UISupportedInterfaceOrientations_iPad = "UIInterfaceOrientationPortrait UIInterfaceOrientationPortraitUpsideDown UIInterfaceOrientationLandscapeLeft UIInterfaceOrientationLandscapeRight";
				INFOPLIST_KEY_UISupportedInterfaceOrientations_iPhone = "UIInterfaceOrientationPortrait UIInterfaceOrientationLandscapeLeft UIInterfaceOrientationLandscapeRight";
				LD_RUNPATH_SEARCH_PATHS = (
					"$(inherited)",
					"@executable_path/Frameworks",
				);
				MARKETING_VERSION = 1.0;
				PRODUCT_BUNDLE_IDENTIFIER = "appleaca.Cast-It";
				PRODUCT_NAME = "$(TARGET_NAME)";
				SWIFT_EMIT_LOC_STRINGS = YES;
				SWIFT_VERSION = 5.0;
				TARGETED_DEVICE_FAMILY = "1,2";
			};
			name = Debug;
		};
		56FE1DD8299544D8003A8A26 /* Release */ = {
			isa = XCBuildConfiguration;
			buildSettings = {
				ASSETCATALOG_COMPILER_APPICON_NAME = AppIcon;
				ASSETCATALOG_COMPILER_GLOBAL_ACCENT_COLOR_NAME = AccentColor;
				CODE_SIGN_STYLE = Automatic;
				CURRENT_PROJECT_VERSION = 1;
				DEVELOPMENT_ASSET_PATHS = "\"Cast-It/Preview Content\"";
				ENABLE_PREVIEWS = YES;
				GENERATE_INFOPLIST_FILE = YES;
				INFOPLIST_KEY_UIApplicationSceneManifest_Generation = YES;
				INFOPLIST_KEY_UIApplicationSupportsIndirectInputEvents = YES;
				INFOPLIST_KEY_UILaunchScreen_Generation = YES;
				INFOPLIST_KEY_UISupportedInterfaceOrientations_iPad = "UIInterfaceOrientationPortrait UIInterfaceOrientationPortraitUpsideDown UIInterfaceOrientationLandscapeLeft UIInterfaceOrientationLandscapeRight";
				INFOPLIST_KEY_UISupportedInterfaceOrientations_iPhone = "UIInterfaceOrientationPortrait UIInterfaceOrientationLandscapeLeft UIInterfaceOrientationLandscapeRight";
				LD_RUNPATH_SEARCH_PATHS = (
					"$(inherited)",
					"@executable_path/Frameworks",
				);
				MARKETING_VERSION = 1.0;
				PRODUCT_BUNDLE_IDENTIFIER = "appleaca.Cast-It";
				PRODUCT_NAME = "$(TARGET_NAME)";
				SWIFT_EMIT_LOC_STRINGS = YES;
				SWIFT_VERSION = 5.0;
				TARGETED_DEVICE_FAMILY = "1,2";
			};
			name = Release;
		};
		56FE1DDA299544D8003A8A26 /* Debug */ = {
			isa = XCBuildConfiguration;
			buildSettings = {
				ALWAYS_EMBED_SWIFT_STANDARD_LIBRARIES = YES;
				BUNDLE_LOADER = "$(TEST_HOST)";
				CODE_SIGN_STYLE = Automatic;
				CURRENT_PROJECT_VERSION = 1;
				GENERATE_INFOPLIST_FILE = YES;
				IPHONEOS_DEPLOYMENT_TARGET = 16.2;
				MARKETING_VERSION = 1.0;
				PRODUCT_BUNDLE_IDENTIFIER = "appleaca.Cast-ItTests";
				PRODUCT_NAME = "$(TARGET_NAME)";
				SWIFT_EMIT_LOC_STRINGS = NO;
				SWIFT_VERSION = 5.0;
				TARGETED_DEVICE_FAMILY = "1,2";
				TEST_HOST = "$(BUILT_PRODUCTS_DIR)/Cast-It.app/$(BUNDLE_EXECUTABLE_FOLDER_PATH)/Cast-It";
			};
			name = Debug;
		};
		56FE1DDB299544D8003A8A26 /* Release */ = {
			isa = XCBuildConfiguration;
			buildSettings = {
				ALWAYS_EMBED_SWIFT_STANDARD_LIBRARIES = YES;
				BUNDLE_LOADER = "$(TEST_HOST)";
				CODE_SIGN_STYLE = Automatic;
				CURRENT_PROJECT_VERSION = 1;
				GENERATE_INFOPLIST_FILE = YES;
				IPHONEOS_DEPLOYMENT_TARGET = 16.2;
				MARKETING_VERSION = 1.0;
				PRODUCT_BUNDLE_IDENTIFIER = "appleaca.Cast-ItTests";
				PRODUCT_NAME = "$(TARGET_NAME)";
				SWIFT_EMIT_LOC_STRINGS = NO;
				SWIFT_VERSION = 5.0;
				TARGETED_DEVICE_FAMILY = "1,2";
				TEST_HOST = "$(BUILT_PRODUCTS_DIR)/Cast-It.app/$(BUNDLE_EXECUTABLE_FOLDER_PATH)/Cast-It";
			};
			name = Release;
		};
		56FE1DDD299544D8003A8A26 /* Debug */ = {
			isa = XCBuildConfiguration;
			buildSettings = {
				ALWAYS_EMBED_SWIFT_STANDARD_LIBRARIES = YES;
				CODE_SIGN_STYLE = Automatic;
				CURRENT_PROJECT_VERSION = 1;
				GENERATE_INFOPLIST_FILE = YES;
				MARKETING_VERSION = 1.0;
				PRODUCT_BUNDLE_IDENTIFIER = "appleaca.Cast-ItUITests";
				PRODUCT_NAME = "$(TARGET_NAME)";
				SWIFT_EMIT_LOC_STRINGS = NO;
				SWIFT_VERSION = 5.0;
				TARGETED_DEVICE_FAMILY = "1,2";
				TEST_TARGET_NAME = "Cast-It";
			};
			name = Debug;
		};
		56FE1DDE299544D8003A8A26 /* Release */ = {
			isa = XCBuildConfiguration;
			buildSettings = {
				ALWAYS_EMBED_SWIFT_STANDARD_LIBRARIES = YES;
				CODE_SIGN_STYLE = Automatic;
				CURRENT_PROJECT_VERSION = 1;
				GENERATE_INFOPLIST_FILE = YES;
				MARKETING_VERSION = 1.0;
				PRODUCT_BUNDLE_IDENTIFIER = "appleaca.Cast-ItUITests";
				PRODUCT_NAME = "$(TARGET_NAME)";
				SWIFT_EMIT_LOC_STRINGS = NO;
				SWIFT_VERSION = 5.0;
				TARGETED_DEVICE_FAMILY = "1,2";
				TEST_TARGET_NAME = "Cast-It";
			};
			name = Release;
		};
/* End XCBuildConfiguration section */

/* Begin XCConfigurationList section */
		56FE1DA7299544D6003A8A26 /* Build configuration list for PBXProject "Cast-It" */ = {
			isa = XCConfigurationList;
			buildConfigurations = (
				56FE1DD4299544D8003A8A26 /* Debug */,
				56FE1DD5299544D8003A8A26 /* Release */,
			);
			defaultConfigurationIsVisible = 0;
			defaultConfigurationName = Release;
		};
		56FE1DD6299544D8003A8A26 /* Build configuration list for PBXNativeTarget "Cast-It" */ = {
			isa = XCConfigurationList;
			buildConfigurations = (
				56FE1DD7299544D8003A8A26 /* Debug */,
				56FE1DD8299544D8003A8A26 /* Release */,
			);
			defaultConfigurationIsVisible = 0;
			defaultConfigurationName = Release;
		};
		56FE1DD9299544D8003A8A26 /* Build configuration list for PBXNativeTarget "Cast-ItTests" */ = {
			isa = XCConfigurationList;
			buildConfigurations = (
				56FE1DDA299544D8003A8A26 /* Debug */,
				56FE1DDB299544D8003A8A26 /* Release */,
			);
			defaultConfigurationIsVisible = 0;
			defaultConfigurationName = Release;
		};
		56FE1DDC299544D8003A8A26 /* Build configuration list for PBXNativeTarget "Cast-ItUITests" */ = {
			isa = XCConfigurationList;
			buildConfigurations = (
				56FE1DDD299544D8003A8A26 /* Debug */,
				56FE1DDE299544D8003A8A26 /* Release */,
			);
			defaultConfigurationIsVisible = 0;
			defaultConfigurationName = Release;
		};
/* End XCConfigurationList section */

/* Begin XCVersionGroup section */
		56FE1DBA299544D8003A8A26 /* Cast_It.xcdatamodeld */ = {
			isa = XCVersionGroup;
			children = (
				56FE1DBB299544D8003A8A26 /* Cast_It.xcdatamodel */,
			);
			currentVersion = 56FE1DBB299544D8003A8A26 /* Cast_It.xcdatamodel */;
			path = Cast_It.xcdatamodeld;
			sourceTree = "<group>";
			versionGroupType = wrapper.xcdatamodel;
		};
/* End XCVersionGroup section */
	};
	rootObject = 56FE1DA4299544D6003A8A26 /* Project object */;
}
